# THIS IS AN AUTOGENERATED FILE. DO NOT EDIT THIS FILE DIRECTLY.
# yarn lockfile v1


"@fortawesome/fontawesome-free@^5.7.2":
  version "5.15.4"
  resolved "https://registry.yarnpkg.com/@fortawesome/fontawesome-free/-/fontawesome-free-5.15.4.tgz#ecda5712b61ac852c760d8b3c79c96adca5554e5"
  integrity sha512-eYm8vijH/hpzr/6/1CJ/V/Eb1xQFW2nnUKArb3z+yUWv7HTwj6M7SP957oMjfZjAHU6qpoNc2wQvIxBLWYa/Jg==

bootstrap@^4.2.1:
  version "4.6.2"
  resolved "https://registry.yarnpkg.com/bootstrap/-/bootstrap-4.6.2.tgz#8e0cd61611728a5bf65a3a2b8d6ff6c77d5d7479"
  integrity sha512-51Bbp/Uxr9aTuy6ca/8FbFloBUJZLHwnhTcnjIeRn2suQWsWzcuJhGjKDB5eppVte/8oCdOL3VuwxvZDUggwGQ==

chocolat@^0.4.21:
  version "0.4.21"
  resolved "https://registry.yarnpkg.com/chocolat/-/chocolat-0.4.21.tgz#16f5a2e0fa60aa7f07234b4e36696d4e7a52a4a1"
  integrity sha512-KvaGUM4FAYsk+8Mfwrzw90zwP9Dfb4t9grwwDb17hqVxT+Z+T6hpAD8xkGkIwn9xxwiQdOpl0G6jn04O+UZwnA==
  dependencies:
    jquery "^3.0"

datatables.net-bs4@^1.13.0:
  version "1.13.11"
  resolved "https://registry.yarnpkg.com/datatables.net-bs4/-/datatables.net-bs4-1.13.11.tgz#b31b9006f1901746e6c835925523608bd0a29025"
  integrity sha512-1LnxzQDFKpwvBETc8wtUtQ+pUXhs6NJomNST5pRzzHAccckkj9rZeOp3mevKDnDJKuNhBM1Y0rIeZGylJnqh9A==
  dependencies:
    datatables.net "1.13.11"
    jquery "1.8 - 4"

datatables.net-responsive-bs4@^2.2.3:
  version "2.5.1"
  resolved "https://registry.yarnpkg.com/datatables.net-responsive-bs4/-/datatables.net-responsive-bs4-2.5.1.tgz#1f5d615de94b07558bc2df0174b546fcfdc30255"
  integrity sha512-cOVCG9zRioqJiqZUPXel5/vxKGt8EFhxgzVafDNy2hY3ZO+UMMuRKcs2br/QMoojbXzpKNf2rL/lM7NoXKVKZA==
  dependencies:
    datatables.net-bs4 "^1.13.0"
    datatables.net-responsive "2.5.1"
    jquery ">=1.7"

datatables.net-responsive@2.5.1:
  version "2.5.1"
  resolved "https://registry.yarnpkg.com/datatables.net-responsive/-/datatables.net-responsive-2.5.1.tgz#9747a3c6e6b59abd33174e1890356357151bb8c0"
  integrity sha512-hyJb2faIzEWUX5Yn4HOSq/6NNB9SXDVbI4OU9ny+XU/2ghZEz4676spOgzpDHTdWvCfM+t1mbUsT70fDiTTr9w==
  dependencies:
    datatables.net "^1.13.0"
    jquery ">=1.7"

datatables.net-select-bs4@^1.2.7:
  version "1.7.1"
  resolved "https://registry.yarnpkg.com/datatables.net-select-bs4/-/datatables.net-select-bs4-1.7.1.tgz#3ddd63bd69426e3fd1bc20dfd7c019305d24ccb1"
  integrity sha512-iHG4C8RdJIpsGIGDCXofUflHN1fa2N0E83MZPuqQXh1ZBkeJzd700rnru2mJXbvFc+wM9vf0Xxr6C5YsYFprgA==
  dependencies:
    datatables.net-bs4 "^1.13.0"
    datatables.net-select "1.7.1"
    jquery ">=1.7"

datatables.net-select@1.7.1:
  version "1.7.1"
  resolved "https://registry.yarnpkg.com/datatables.net-select/-/datatables.net-select-1.7.1.tgz#1b309b1ff92c25e5ce4b9d5af19186bdf9b34597"
  integrity sha512-yC+GoBDVsnbaFTYKmZ2v5Bftc66zSZCYHbPYZb/ccdvxytEEudjc9R3wn6fgkOrVx3C2X/8keQc4a7EJvdOErg==
  dependencies:
    datatables.net "^1.13.0"
    jquery ">=1.7"

datatables.net@1.13.11, datatables.net@^1.13.0:
  version "1.13.11"
  resolved "https://registry.yarnpkg.com/datatables.net/-/datatables.net-1.13.11.tgz#e2a4c8b50553512f241ebfcbc078d74d551183b2"
  integrity sha512-AE6RkMXziRaqzPcu/pl3SJXeRa6fmXQG/fVjuRESujvkzqDCYEeKTTpPMuVJSGYJpPi32WGSphVNNY1G4nSN/g==
  dependencies:
    jquery "1.8 - 4"

datatables@^1.10.18:
  version "1.10.18"
  resolved "https://registry.yarnpkg.com/datatables/-/datatables-1.10.18.tgz#fee16e82aa70b17c5faf1a6954ac68f404f33a70"
  integrity sha512-ntatMgS9NN6UMpwbmO+QkYJuKlVeMA2Mi0Gu/QxyIh+dW7ZjLSDhPT2tWlzjpIWEkDYgieDzS9Nu7bdQCW0sbQ==
  dependencies:
    jquery ">=1.7"

es6-object-assign@^1.1.0:
  version "1.1.0"
  resolved "https://registry.yarnpkg.com/es6-object-assign/-/es6-object-assign-1.1.0.tgz#c2c3582656247c39ea107cb1e6652b6f9f24523c"
  integrity sha512-MEl9uirslVwqQU369iHNWZXsI8yaZYGg/D65aOgZkeyFJwHYSxilf7rQzXKI7DdDuBPrBXbfk3sl9hJhmd5AUw==

ionicons201@1.0.0:
  version "1.0.0"
  resolved "https://registry.yarnpkg.com/ionicons201/-/ionicons201-1.0.0.tgz#5ce2aa950e907957c7306ca113115a24129d5260"
  integrity sha512-7PZISbGUrZaKMGPusTLWxjH8Lm88XDEsr+N+WKV//cvahXsGpcOf+1v1zMk48uEhaUksLc5JOr6Eb3KFmeufCw==

izitoast@^1.4.0:
  version "1.4.0"
  resolved "https://registry.yarnpkg.com/izitoast/-/izitoast-1.4.0.tgz#1aa4e3408b7159fba743506af66d8be54fd929fb"
  integrity sha512-Oc1X2wiQtPp39i5VpIjf3GJf5sfCtHKXZ5szx7RareyEeFLUlcEW0FSfBni28+Ul6KNKZRKzhVuWzSP4Xngh0w==

"jquery-pwstrength@https://github.com/matoilic/jquery.pwstrength":
  version "0.0.0"
  resolved "https://github.com/matoilic/jquery.pwstrength#d6f07a13eba1479f481d0beceb612f439db406ae"

jquery-ui-dist@^1.12.1:
  version "1.13.3"
  resolved "https://registry.yarnpkg.com/jquery-ui-dist/-/jquery-ui-dist-1.13.3.tgz#13c186eb403e660c96b9b7edb7ae1466eaef9974"
  integrity sha512-qeTR3SOSQ0jgxaNXSFU6+JtxdzNUSJKgp8LCzVrVKntM25+2YBJW1Ea8B2AwjmmSHfPLy2dSlZxJQN06OfVFhg==
  dependencies:
    jquery ">=1.8.0 <4.0.0"

jquery.nicescroll@^3.7.6:
  version "3.7.6"
  resolved "https://registry.yarnpkg.com/jquery.nicescroll/-/jquery.nicescroll-3.7.6.tgz#afeff3e80658dabe4f78d2d2e84250060fea0852"
  integrity sha512-H4XOzQDw/fJIFftYGemNDAr9sz52zr35+JEubsTNGrTAtxQra4qnu6UnOe+avEHVPy8HnyoHgIpvPXedGSCfTw==
  dependencies:
    jquery ">=1.8.3"

"jquery@1.8 - 4", jquery@>=1.7, "jquery@>=1.8.0 <4.0.0", jquery@>=1.8.3, jquery@^3.0, jquery@^3.3.1:
  version "3.7.1"
  resolved "https://registry.yarnpkg.com/jquery/-/jquery-3.7.1.tgz#083ef98927c9a6a74d05a6af02806566d16274de"
  integrity sha512-m4avr8yL8kmFN8psrbFFFmB/If14iN5o9nw/NgnnM+kybDJpRsAynV2BsfpTYrTRysYUdADVD7CkUUizgkpLfg==

"jquery_upload_preview@https://github.com/opoloo/jquery_upload_preview":
  version "0.0.0"
  resolved "https://github.com/opoloo/jquery_upload_preview#cc17f1d52beb6c718a16e9a3afdff63ec175c398"

moment@^2.24.0:
  version "2.30.1"
  resolved "https://registry.yarnpkg.com/moment/-/moment-2.30.1.tgz#f8c91c07b7a786e30c59926df530b4eac96974ae"
  integrity sha512-uEmtNhbDOrWPFS+hdjFCBfy9f2YoyzRpwcl+DqpC6taX21FzsTLQVbMV/W7PzNSX6x/bhC1zA3c2UQ5NzH6how==

nicescroll@^3.7.4:
  version "3.7.4"
  resolved "https://registry.yarnpkg.com/nicescroll/-/nicescroll-3.7.4.tgz#8cfd3b58fb95e7c5cb279e2208fc10ea90e35a18"
  integrity sha512-e5UKvdaFlWJtiGy1kd+iX0mVJX4fD9l/aFZzK0igIFql5gr0qtPNuQ3WEGLvI8EuEvllNHY8vMO5WsP2fCtPAw==
  dependencies:
    jquery ">=1.8.3"

perfect-scrollbar@^1.4.0:
  version "1.5.6"
  resolved "https://registry.yarnpkg.com/perfect-scrollbar/-/perfect-scrollbar-1.5.6.tgz#f1aead2588ba896435ee41b246812b2080573b7c"
  integrity sha512-rixgxw3SxyJbCaSpo1n35A/fwI1r2rdwMKOTCg/AcG+xOEyZcE8UHVjpZMFCVImzsFoCZeJTT+M/rdEIQYO2nw==

popper.js@^1.14.7:
  version "1.16.1"
  resolved "https://registry.yarnpkg.com/popper.js/-/popper.js-1.16.1.tgz#2a223cb3dc7b6213d740e40372be40de43e65b1b"
  integrity sha512-Wb4p1J4zyFTbM+u6WuO4XstYx4Ky9Cewe4DWrel7B0w6VVICvPwdOpotjzcf6eD8TsckVnIMNONQyPIUFOUbCQ==

promise-polyfill@^6.0.2:
  version "6.1.0"
  resolved "https://registry.yarnpkg.com/promise-polyfill/-/promise-polyfill-6.1.0.tgz#dfa96943ea9c121fca4de9b5868cb39d3472e057"
  integrity sha512-g0LWaH0gFsxovsU7R5LrrhHhWAWiHRnh1GPrhXnPgYsDkIqjRYUYSZEsej/wtleDrz5xVSIDbeKfidztp2XHFQ==

sweetalert@^2.1.2:
  version "2.1.2"
  resolved "https://registry.yarnpkg.com/sweetalert/-/sweetalert-2.1.2.tgz#010baaa80d0dbdc86f96bfcaa96b490728594b79"
  integrity sha512-iWx7X4anRBNDa/a+AdTmvAzQtkN1+s4j/JJRWlHpYE8Qimkohs8/XnFcWeYHH2lMA8LRCa5tj2d244If3S/hzA==
  dependencies:
    es6-object-assign "^1.1.0"
    promise-polyfill "^6.0.2"
